
Microsoft Visual Studio Solution File, Format Version 12.00
# Visual Studio 2017
Project("{FAE04EC0-301F-11D3-BF4B-00C04F79EFBC}") = "3Q", "3Q.csproj", "{AD327B49-9745-93F7-66F2-849B867DD309}"
EndProject
Project("{FAE04EC0-301F-11D3-BF4B-00C04F79EFBC}") = "3Q.Editor", "3Q.Editor.csproj", "{FF619ABD-823C-41B4-023C-2429FF1FB35A}"
EndProject
Global
	GlobalSection(SolutionConfigurationPlatforms) = preSolution
		Debug|Any CPU = Debug|Any CPU
		Release|Any CPU = Release|Any CPU
	EndGlobalSection
	GlobalSection(ProjectConfigurationPlatforms) = postSolution
		{AD327B49-9745-93F7-66F2-849B867DD309}.Debug|Any CPU.ActiveCfg = Debug|Any CPU
		{AD327B49-9745-93F7-66F2-849B867DD309}.Debug|Any CPU.Build.0 = Debug|Any CPU
		{AD327B49-9745-93F7-66F2-849B867DD309}.Release|Any CPU.ActiveCfg = Release|Any CPU
		{AD327B49-9745-93F7-66F2-849B867DD309}.Release|Any CPU.Build.0 = Release|Any CPU
		{FF619ABD-823C-41B4-023C-2429FF1FB35A}.Debug|Any CPU.ActiveCfg = Debug|Any CPU
		{FF619ABD-823C-41B4-023C-2429FF1FB35A}.Debug|Any CPU.Build.0 = Debug|Any CPU
		{FF619ABD-823C-41B4-023C-2429FF1FB35A}.Release|Any CPU.ActiveCfg = Release|Any CPU
		{FF619ABD-823C-41B4-023C-2429FF1FB35A}.Release|Any CPU.Build.0 = Release|Any CPU
	EndGlobalSection
	GlobalSection(SolutionProperties) = preSolution
		HideSolutionNode = FALSE
	EndGlobalSection
EndGlobal
